// !$*UTF8*$!
{
	archiveVersion = 1;
	classes = {
	};
	objectVersion = 56;
	objects = {

/* Begin PBXBuildFile section */
		EB72C1832A51739E00A4BDD5 /* AppDelegate.swift in Sources */ = {isa = PBXBuildFile; fileRef = EB72C1822A51739E00A4BDD5 /* AppDelegate.swift */; };
		EB72C1852A51739E00A4BDD5 /* SceneDelegate.swift in Sources */ = {isa = PBXBuildFile; fileRef = EB72C1842A51739E00A4BDD5 /* SceneDelegate.swift */; };
		EB72C1872A51739E00A4BDD5 /* MainTabBarViewControllerViewController.swift in Sources */ = {isa = PBXBuildFile; fileRef = EB72C1862A51739E00A4BDD5 /* MainTabBarViewControllerViewController.swift */; };
		EB72C18C2A51739E00A4BDD5 /* Assets.xcassets in Resources */ = {isa = PBXBuildFile; fileRef = EB72C18B2A51739E00A4BDD5 /* Assets.xcassets */; };
		EB72C18F2A51739E00A4BDD5 /* LaunchScreen.storyboard in Resources */ = {isa = PBXBuildFile; fileRef = EB72C18D2A51739E00A4BDD5 /* LaunchScreen.storyboard */; };
		EB72C19A2A51739E00A4BDD5 /* Swift_NetflixTests.swift in Sources */ = {isa = PBXBuildFile; fileRef = EB72C1992A51739E00A4BDD5 /* Swift_NetflixTests.swift */; };
		EB72C1A42A51739E00A4BDD5 /* Swift_NetflixUITests.swift in Sources */ = {isa = PBXBuildFile; fileRef = EB72C1A32A51739E00A4BDD5 /* Swift_NetflixUITests.swift */; };
		EB72C1A62A51739E00A4BDD5 /* Swift_NetflixUITestsLaunchTests.swift in Sources */ = {isa = PBXBuildFile; fileRef = EB72C1A52A51739E00A4BDD5 /* Swift_NetflixUITestsLaunchTests.swift */; };
		EB72C1B42A5175D900A4BDD5 /* HomeViewController.swift in Sources */ = {isa = PBXBuildFile; fileRef = EB72C1B32A5175D900A4BDD5 /* HomeViewController.swift */; };
		EB72C1B62A5175ED00A4BDD5 /* UpcomingViewController.swift in Sources */ = {isa = PBXBuildFile; fileRef = EB72C1B52A5175ED00A4BDD5 /* UpcomingViewController.swift */; };
		EB72C1B82A5175FF00A4BDD5 /* SearchViewController.swift in Sources */ = {isa = PBXBuildFile; fileRef = EB72C1B72A5175FF00A4BDD5 /* SearchViewController.swift */; };
		EB72C1BA2A51760F00A4BDD5 /* DownloadsViewController.swift in Sources */ = {isa = PBXBuildFile; fileRef = EB72C1B92A51760F00A4BDD5 /* DownloadsViewController.swift */; };
/* End PBXBuildFile section */

/* Begin PBXContainerItemProxy section */
		EB72C1962A51739E00A4BDD5 /* PBXContainerItemProxy */ = {
			isa = PBXContainerItemProxy;
			containerPortal = EB72C1772A51739E00A4BDD5 /* Project object */;
			proxyType = 1;
			remoteGlobalIDString = EB72C17E2A51739E00A4BDD5;
			remoteInfo = "Swift-Netflix";
		};
		EB72C1A02A51739E00A4BDD5 /* PBXContainerItemProxy */ = {
			isa = PBXContainerItemProxy;
			containerPortal = EB72C1772A51739E00A4BDD5 /* Project object */;
			proxyType = 1;
			remoteGlobalIDString = EB72C17E2A51739E00A4BDD5;
			remoteInfo = "Swift-Netflix";
		};
/* End PBXContainerItemProxy section */

/* Begin PBXFileReference section */
		EB72C17F2A51739E00A4BDD5 /* Swift-Netflix.app */ = {isa = PBXFileReference; explicitFileType = wrapper.application; includeInIndex = 0; path = "Swift-Netflix.app"; sourceTree = BUILT_PRODUCTS_DIR; };
		EB72C1822A51739E00A4BDD5 /* AppDelegate.swift */ = {isa = PBXFileReference; lastKnownFileType = sourcecode.swift; path = AppDelegate.swift; sourceTree = "<group>"; };
		EB72C1842A51739E00A4BDD5 /* SceneDelegate.swift */ = {isa = PBXFileReference; lastKnownFileType = sourcecode.swift; path = SceneDelegate.swift; sourceTree = "<group>"; };
		EB72C1862A51739E00A4BDD5 /* MainTabBarViewControllerViewController.swift */ = {isa = PBXFileReference; lastKnownFileType = sourcecode.swift; path = MainTabBarViewControllerViewController.swift; sourceTree = "<group>"; };
		EB72C18B2A51739E00A4BDD5 /* Assets.xcassets */ = {isa = PBXFileReference; lastKnownFileType = folder.assetcatalog; path = Assets.xcassets; sourceTree = "<group>"; };
		EB72C18E2A51739E00A4BDD5 /* Base */ = {isa = PBXFileReference; lastKnownFileType = file.storyboard; name = Base; path = Base.lproj/LaunchScreen.storyboard; sourceTree = "<group>"; };
		EB72C1902A51739E00A4BDD5 /* Info.plist */ = {isa = PBXFileReference; lastKnownFileType = text.plist.xml; path = Info.plist; sourceTree = "<group>"; };
		EB72C1952A51739E00A4BDD5 /* Swift-NetflixTests.xctest */ = {isa = PBXFileReference; explicitFileType = wrapper.cfbundle; includeInIndex = 0; path = "Swift-NetflixTests.xctest"; sourceTree = BUILT_PRODUCTS_DIR; };
		EB72C1992A51739E00A4BDD5 /* Swift_NetflixTests.swift */ = {isa = PBXFileReference; lastKnownFileType = sourcecode.swift; path = Swift_NetflixTests.swift; sourceTree = "<group>"; };
		EB72C19F2A51739E00A4BDD5 /* Swift-NetflixUITests.xctest */ = {isa = PBXFileReference; explicitFileType = wrapper.cfbundle; includeInIndex = 0; path = "Swift-NetflixUITests.xctest"; sourceTree = BUILT_PRODUCTS_DIR; };
		EB72C1A32A51739E00A4BDD5 /* Swift_NetflixUITests.swift */ = {isa = PBXFileReference; lastKnownFileType = sourcecode.swift; path = Swift_NetflixUITests.swift; sourceTree = "<group>"; };
		EB72C1A52A51739E00A4BDD5 /* Swift_NetflixUITestsLaunchTests.swift */ = {isa = PBXFileReference; lastKnownFileType = sourcecode.swift; path = Swift_NetflixUITestsLaunchTests.swift; sourceTree = "<group>"; };
		EB72C1B32A5175D900A4BDD5 /* HomeViewController.swift */ = {isa = PBXFileReference; lastKnownFileType = sourcecode.swift; path = HomeViewController.swift; sourceTree = "<group>"; };
		EB72C1B52A5175ED00A4BDD5 /* UpcomingViewController.swift */ = {isa = PBXFileReference; lastKnownFileType = sourcecode.swift; path = UpcomingViewController.swift; sourceTree = "<group>"; };
		EB72C1B72A5175FF00A4BDD5 /* SearchViewController.swift */ = {isa = PBXFileReference; lastKnownFileType = sourcecode.swift; path = SearchViewController.swift; sourceTree = "<group>"; };
		EB72C1B92A51760F00A4BDD5 /* DownloadsViewController.swift */ = {isa = PBXFileReference; lastKnownFileType = sourcecode.swift; path = DownloadsViewController.swift; sourceTree = "<group>"; };
/* End PBXFileReference section */

/* Begin PBXFrameworksBuildPhase section */
		EB72C17C2A51739E00A4BDD5 /* Frameworks */ = {
			isa = PBXFrameworksBuildPhase;
			buildActionMask = 2147483647;
			files = (
			);
			runOnlyForDeploymentPostprocessing = 0;
		};
		EB72C1922A51739E00A4BDD5 /* Frameworks */ = {
			isa = PBXFrameworksBuildPhase;
			buildActionMask = 2147483647;
			files = (
			);
			runOnlyForDeploymentPostprocessing = 0;
		};
		EB72C19C2A51739E00A4BDD5 /* Frameworks */ = {
			isa = PBXFrameworksBuildPhase;
			buildActionMask = 2147483647;
			files = (
			);
			runOnlyForDeploymentPostprocessing = 0;
		};
/* End PBXFrameworksBuildPhase section */

/* Begin PBXGroup section */
		EB72C1762A51739E00A4BDD5 = {
			isa = PBXGroup;
			children = (
				EB72C1812A51739E00A4BDD5 /* Swift-Netflix */,
				EB72C1982A51739E00A4BDD5 /* Swift-NetflixTests */,
				EB72C1A22A51739E00A4BDD5 /* Swift-NetflixUITests */,
				EB72C1802A51739E00A4BDD5 /* Products */,
			);
			sourceTree = "<group>";
		};
		EB72C1802A51739E00A4BDD5 /* Products */ = {
			isa = PBXGroup;
			children = (
				EB72C17F2A51739E00A4BDD5 /* Swift-Netflix.app */,
				EB72C1952A51739E00A4BDD5 /* Swift-NetflixTests.xctest */,
				EB72C19F2A51739E00A4BDD5 /* Swift-NetflixUITests.xctest */,
			);
			name = Products;
			sourceTree = "<group>";
		};
		EB72C1812A51739E00A4BDD5 /* Swift-Netflix */ = {
			isa = PBXGroup;
			children = (
				EB72C1B22A5175A900A4BDD5 /* Controllers */,
				EB72C1822A51739E00A4BDD5 /* AppDelegate.swift */,
				EB72C1842A51739E00A4BDD5 /* SceneDelegate.swift */,
				EB72C1862A51739E00A4BDD5 /* MainTabBarViewControllerViewController.swift */,
				EB72C18B2A51739E00A4BDD5 /* Assets.xcassets */,
				EB72C18D2A51739E00A4BDD5 /* LaunchScreen.storyboard */,
				EB72C1902A51739E00A4BDD5 /* Info.plist */,
			);
			path = "Swift-Netflix";
			sourceTree = "<group>";
		};
		EB72C1982A51739E00A4BDD5 /* Swift-NetflixTests */ = {
			isa = PBXGroup;
			children = (
				EB72C1992A51739E00A4BDD5 /* Swift_NetflixTests.swift */,
			);
			path = "Swift-NetflixTests";
			sourceTree = "<group>";
		};
		EB72C1A22A51739E00A4BDD5 /* Swift-NetflixUITests */ = {
			isa = PBXGroup;
			children = (
				EB72C1A32A51739E00A4BDD5 /* Swift_NetflixUITests.swift */,
				EB72C1A52A51739E00A4BDD5 /* Swift_NetflixUITestsLaunchTests.swift */,
			);
			path = "Swift-NetflixUITests";
			sourceTree = "<group>";
		};
		EB72C1B22A5175A900A4BDD5 /* Controllers */ = {
			isa = PBXGroup;
			children = (
				EB72C1B32A5175D900A4BDD5 /* HomeViewController.swift */,
				EB72C1B52A5175ED00A4BDD5 /* UpcomingViewController.swift */,
				EB72C1B72A5175FF00A4BDD5 /* SearchViewController.swift */,
				EB72C1B92A51760F00A4BDD5 /* DownloadsViewController.swift */,
			);
			path = Controllers;
			sourceTree = "<group>";
		};
/* End PBXGroup section */

/* Begin PBXNativeTarget section */
		EB72C17E2A51739E00A4BDD5 /* Swift-Netflix */ = {
			isa = PBXNativeTarget;
			buildConfigurationList = EB72C1A92A51739E00A4BDD5 /* Build configuration list for PBXNativeTarget "Swift-Netflix" */;
			buildPhases = (
				EB72C17B2A51739E00A4BDD5 /* Sources */,
				EB72C17C2A51739E00A4BDD5 /* Frameworks */,
				EB72C17D2A51739E00A4BDD5 /* Resources */,
			);
			buildRules = (
			);
			dependencies = (
			);
			name = "Swift-Netflix";
			productName = "Swift-Netflix";
			productReference = EB72C17F2A51739E00A4BDD5 /* Swift-Netflix.app */;
			productType = "com.apple.product-type.application";
		};
		EB72C1942A51739E00A4BDD5 /* Swift-NetflixTests */ = {
			isa = PBXNativeTarget;
			buildConfigurationList = EB72C1AC2A51739E00A4BDD5 /* Build configuration list for PBXNativeTarget "Swift-NetflixTests" */;
			buildPhases = (
				EB72C1912A51739E00A4BDD5 /* Sources */,
				EB72C1922A51739E00A4BDD5 /* Frameworks */,
				EB72C1932A51739E00A4BDD5 /* Resources */,
			);
			buildRules = (
			);
			dependencies = (
				EB72C1972A51739E00A4BDD5 /* PBXTargetDependency */,
			);
			name = "Swift-NetflixTests";
			productName = "Swift-NetflixTests";
			productReference = EB72C1952A51739E00A4BDD5 /* Swift-NetflixTests.xctest */;
			productType = "com.apple.product-type.bundle.unit-test";
		};
		EB72C19E2A51739E00A4BDD5 /* Swift-NetflixUITests */ = {
			isa = PBXNativeTarget;
			buildConfigurationList = EB72C1AF2A51739E00A4BDD5 /* Build configuration list for PBXNativeTarget "Swift-NetflixUITests" */;
			buildPhases = (
				EB72C19B2A51739E00A4BDD5 /* Sources */,
				EB72C19C2A51739E00A4BDD5 /* Frameworks */,
				EB72C19D2A51739E00A4BDD5 /* Resources */,
			);
			buildRules = (
			);
			dependencies = (
				EB72C1A12A51739E00A4BDD5 /* PBXTargetDependency */,
			);
			name = "Swift-NetflixUITests";
			productName = "Swift-NetflixUITests";
			productReference = EB72C19F2A51739E00A4BDD5 /* Swift-NetflixUITests.xctest */;
			productType = "com.apple.product-type.bundle.ui-testing";
		};
/* End PBXNativeTarget section */

/* Begin PBXProject section */
		EB72C1772A51739E00A4BDD5 /* Project object */ = {
			isa = PBXProject;
			attributes = {
				BuildIndependentTargetsInParallel = 1;
				LastSwiftUpdateCheck = 1430;
				LastUpgradeCheck = 1430;
				TargetAttributes = {
					EB72C17E2A51739E00A4BDD5 = {
						CreatedOnToolsVersion = 14.3.1;
					};
					EB72C1942A51739E00A4BDD5 = {
						CreatedOnToolsVersion = 14.3.1;
						TestTargetID = EB72C17E2A51739E00A4BDD5;
					};
					EB72C19E2A51739E00A4BDD5 = {
						CreatedOnToolsVersion = 14.3.1;
						TestTargetID = EB72C17E2A51739E00A4BDD5;
					};
				};
			};
			buildConfigurationList = EB72C17A2A51739E00A4BDD5 /* Build configuration list for PBXProject "Swift-Netflix" */;
			compatibilityVersion = "Xcode 14.0";
			developmentRegion = en;
			hasScannedForEncodings = 0;
			knownRegions = (
				en,
				Base,
			);
			mainGroup = EB72C1762A51739E00A4BDD5;
			productRefGroup = EB72C1802A51739E00A4BDD5 /* Products */;
			projectDirPath = "";
			projectRoot = "";
			targets = (
				EB72C17E2A51739E00A4BDD5 /* Swift-Netflix */,
				EB72C1942A51739E00A4BDD5 /* Swift-NetflixTests */,
				EB72C19E2A51739E00A4BDD5 /* Swift-NetflixUITests */,
			);
		};
/* End PBXProject section */

/* Begin PBXResourcesBuildPhase section */
		EB72C17D2A51739E00A4BDD5 /* Resources */ = {
			isa = PBXResourcesBuildPhase;
			buildActionMask = 2147483647;
			files = (
				EB72C18F2A51739E00A4BDD5 /* LaunchScreen.storyboard in Resources */,
				EB72C18C2A51739E00A4BDD5 /* Assets.xcassets in Resources */,
			);
			runOnlyForDeploymentPostprocessing = 0;
		};
		EB72C1932A51739E00A4BDD5 /* Resources */ = {
			isa = PBXResourcesBuildPhase;
			buildActionMask = 2147483647;
			files = (
			);
			runOnlyForDeploymentPostprocessing = 0;
		};
		EB72C19D2A51739E00A4BDD5 /* Resources */ = {
			isa = PBXResourcesBuildPhase;
			buildActionMask = 2147483647;
			files = (
			);
			runOnlyForDeploymentPostprocessing = 0;
		};
/* End PBXResourcesBuildPhase section */

/* Begin PBXSourcesBuildPhase section */
		EB72C17B2A51739E00A4BDD5 /* Sources */ = {
			isa = PBXSourcesBuildPhase;
			buildActionMask = 2147483647;
			files = (
				EB72C1B82A5175FF00A4BDD5 /* SearchViewController.swift in Sources */,
				EB72C1872A51739E00A4BDD5 /* MainTabBarViewControllerViewController.swift in Sources */,
				EB72C1BA2A51760F00A4BDD5 /* DownloadsViewController.swift in Sources */,
				EB72C1832A51739E00A4BDD5 /* AppDelegate.swift in Sources */,
				EB72C1852A51739E00A4BDD5 /* SceneDelegate.swift in Sources */,
				EB72C1B62A5175ED00A4BDD5 /* UpcomingViewController.swift in Sources */,
				EB72C1B42A5175D900A4BDD5 /* HomeViewController.swift in Sources */,
			);
			runOnlyForDeploymentPostprocessing = 0;
		};
		EB72C1912A51739E00A4BDD5 /* Sources */ = {
			isa = PBXSourcesBuildPhase;
			buildActionMask = 2147483647;
			files = (
				EB72C19A2A51739E00A4BDD5 /* Swift_NetflixTests.swift in Sources */,
			);
			runOnlyForDeploymentPostprocessing = 0;
		};
		EB72C19B2A51739E00A4BDD5 /* Sources */ = {
			isa = PBXSourcesBuildPhase;
			buildActionMask = 2147483647;
			files = (
				EB72C1A42A51739E00A4BDD5 /* Swift_NetflixUITests.swift in Sources */,
				EB72C1A62A51739E00A4BDD5 /* Swift_NetflixUITestsLaunchTests.swift in Sources */,
			);
			runOnlyForDeploymentPostprocessing = 0;
		};
/* End PBXSourcesBuildPhase section */

/* Begin PBXTargetDependency section */
		EB72C1972A51739E00A4BDD5 /* PBXTargetDependency */ = {
			isa = PBXTargetDependency;
			target = EB72C17E2A51739E00A4BDD5 /* Swift-Netflix */;
			targetProxy = EB72C1962A51739E00A4BDD5 /* PBXContainerItemProxy */;
		};
		EB72C1A12A51739E00A4BDD5 /* PBXTargetDependency */ = {
			isa = PBXTargetDependency;
			target = EB72C17E2A51739E00A4BDD5 /* Swift-Netflix */;
			targetProxy = EB72C1A02A51739E00A4BDD5 /* PBXContainerItemProxy */;
		};
/* End PBXTargetDependency section */

/* Begin PBXVariantGroup section */
		EB72C18D2A51739E00A4BDD5 /* LaunchScreen.storyboard */ = {
			isa = PBXVariantGroup;
			children = (
				EB72C18E2A51739E00A4BDD5 /* Base */,
			);
			name = LaunchScreen.storyboard;
			sourceTree = "<group>";
		};
/* End PBXVariantGroup section */

/* Begin XCBuildConfiguration section */
		EB72C1A72A51739E00A4BDD5 /* Debug */ = {
			isa = XCBuildConfiguration;
			buildSettings = {
				ALWAYS_SEARCH_USER_PATHS = NO;
				CLANG_ANALYZER_NONNULL = YES;
				CLANG_ANALYZER_NUMBER_OBJECT_CONVERSION = YES_AGGRESSIVE;
				CLANG_CXX_LANGUAGE_STANDARD = "gnu++20";
				CLANG_ENABLE_MODULES = YES;
				CLANG_ENABLE_OBJC_ARC = YES;
				CLANG_ENABLE_OBJC_WEAK = YES;
				CLANG_WARN_BLOCK_CAPTURE_AUTORELEASING = YES;
				CLANG_WARN_BOOL_CONVERSION = YES;
				CLANG_WARN_COMMA = YES;
				CLANG_WARN_CONSTANT_CONVERSION = YES;
				CLANG_WARN_DEPRECATED_OBJC_IMPLEMENTATIONS = YES;
				CLANG_WARN_DIRECT_OBJC_ISA_USAGE = YES_ERROR;
				CLANG_WARN_DOCUMENTATION_COMMENTS = YES;
				CLANG_WARN_EMPTY_BODY = YES;
				CLANG_WARN_ENUM_CONVERSION = YES;
				CLANG_WARN_INFINITE_RECURSION = YES;
				CLANG_WARN_INT_CONVERSION = YES;
				CLANG_WARN_NON_LITERAL_NULL_CONVERSION = YES;
				CLANG_WARN_OBJC_IMPLICIT_RETAIN_SELF = YES;
				CLANG_WARN_OBJC_LITERAL_CONVERSION = YES;
				CLANG_WARN_OBJC_ROOT_CLASS = YES_ERROR;
				CLANG_WARN_QUOTED_INCLUDE_IN_FRAMEWORK_HEADER = YES;
				CLANG_WARN_RANGE_LOOP_ANALYSIS = YES;
				CLANG_WARN_STRICT_PROTOTYPES = YES;
				CLANG_WARN_SUSPICIOUS_MOVE = YES;
				CLANG_WARN_UNGUARDED_AVAILABILITY = YES_AGGRESSIVE;
				CLANG_WARN_UNREACHABLE_CODE = YES;
				CLANG_WARN__DUPLICATE_METHOD_MATCH = YES;
				COPY_PHASE_STRIP = NO;
				DEBUG_INFORMATION_FORMAT = dwarf;
				ENABLE_STRICT_OBJC_MSGSEND = YES;
				ENABLE_TESTABILITY = YES;
				GCC_C_LANGUAGE_STANDARD = gnu11;
				GCC_DYNAMIC_NO_PIC = NO;
				GCC_NO_COMMON_BLOCKS = YES;
				GCC_OPTIMIZATION_LEVEL = 0;
				GCC_PREPROCESSOR_DEFINITIONS = (
					"DEBUG=1",
					"$(inherited)",
				);
				GCC_WARN_64_TO_32_BIT_CONVERSION = YES;
				GCC_WARN_ABOUT_RETURN_TYPE = YES_ERROR;
				GCC_WARN_UNDECLARED_SELECTOR = YES;
				GCC_WARN_UNINITIALIZED_AUTOS = YES_AGGRESSIVE;
				GCC_WARN_UNUSED_FUNCTION = YES;
				GCC_WARN_UNUSED_VARIABLE = YES;
				IPHONEOS_DEPLOYMENT_TARGET = 16.4;
				MTL_ENABLE_DEBUG_INFO = INCLUDE_SOURCE;
				MTL_FAST_MATH = YES;
				ONLY_ACTIVE_ARCH = YES;
				SDKROOT = iphoneos;
				SWIFT_ACTIVE_COMPILATION_CONDITIONS = DEBUG;
				SWIFT_OPTIMIZATION_LEVEL = "-Onone";
			};
			name = Debug;
		};
		EB72C1A82A51739E00A4BDD5 /* Release */ = {
			isa = XCBuildConfiguration;
			buildSettings = {
				ALWAYS_SEARCH_USER_PATHS = NO;
				CLANG_ANALYZER_NONNULL = YES;
				CLANG_ANALYZER_NUMBER_OBJECT_CONVERSION = YES_AGGRESSIVE;
				CLANG_CXX_LANGUAGE_STANDARD = "gnu++20";
				CLANG_ENABLE_MODULES = YES;
				CLANG_ENABLE_OBJC_ARC = YES;
				CLANG_ENABLE_OBJC_WEAK = YES;
				CLANG_WARN_BLOCK_CAPTURE_AUTORELEASING = YES;
				CLANG_WARN_BOOL_CONVERSION = YES;
				CLANG_WARN_COMMA = YES;
				CLANG_WARN_CONSTANT_CONVERSION = YES;
				CLANG_WARN_DEPRECATED_OBJC_IMPLEMENTATIONS = YES;
				CLANG_WARN_DIRECT_OBJC_ISA_USAGE = YES_ERROR;
				CLANG_WARN_DOCUMENTATION_COMMENTS = YES;
				CLANG_WARN_EMPTY_BODY = YES;
				CLANG_WARN_ENUM_CONVERSION = YES;
				CLANG_WARN_INFINITE_RECURSION = YES;
				CLANG_WARN_INT_CONVERSION = YES;
				CLANG_WARN_NON_LITERAL_NULL_CONVERSION = YES;
				CLANG_WARN_OBJC_IMPLICIT_RETAIN_SELF = YES;
				CLANG_WARN_OBJC_LITERAL_CONVERSION = YES;
				CLANG_WARN_OBJC_ROOT_CLASS = YES_ERROR;
				CLANG_WARN_QUOTED_INCLUDE_IN_FRAMEWORK_HEADER = YES;
				CLANG_WARN_RANGE_LOOP_ANALYSIS = YES;
				CLANG_WARN_STRICT_PROTOTYPES = YES;
				CLANG_WARN_SUSPICIOUS_MOVE = YES;
				CLANG_WARN_UNGUARDED_AVAILABILITY = YES_AGGRESSIVE;
				CLANG_WARN_UNREACHABLE_CODE = YES;
				CLANG_WARN__DUPLICATE_METHOD_MATCH = YES;
				COPY_PHASE_STRIP = NO;
				DEBUG_INFORMATION_FORMAT = "dwarf-with-dsym";
				ENABLE_NS_ASSERTIONS = NO;
				ENABLE_STRICT_OBJC_MSGSEND = YES;
				GCC_C_LANGUAGE_STANDARD = gnu11;
				GCC_NO_COMMON_BLOCKS = YES;
				GCC_WARN_64_TO_32_BIT_CONVERSION = YES;
				GCC_WARN_ABOUT_RETURN_TYPE = YES_ERROR;
				GCC_WARN_UNDECLARED_SELECTOR = YES;
				GCC_WARN_UNINITIALIZED_AUTOS = YES_AGGRESSIVE;
				GCC_WARN_UNUSED_FUNCTION = YES;
				GCC_WARN_UNUSED_VARIABLE = YES;
				IPHONEOS_DEPLOYMENT_TARGET = 16.4;
				MTL_ENABLE_DEBUG_INFO = NO;
				MTL_FAST_MATH = YES;
				SDKROOT = iphoneos;
				SWIFT_COMPILATION_MODE = wholemodule;
				SWIFT_OPTIMIZATION_LEVEL = "-O";
				VALIDATE_PRODUCT = YES;
			};
			name = Release;
		};
		EB72C1AA2A51739E00A4BDD5 /* Debug */ = {
			isa = XCBuildConfiguration;
			buildSettings = {
				ASSETCATALOG_COMPILER_APPICON_NAME = AppIcon;
				ASSETCATALOG_COMPILER_GLOBAL_ACCENT_COLOR_NAME = AccentColor;
				CODE_SIGN_STYLE = Automatic;
				CURRENT_PROJECT_VERSION = 1;
				GENERATE_INFOPLIST_FILE = YES;
				INFOPLIST_FILE = "Swift-Netflix/Info.plist";
				INFOPLIST_KEY_UIApplicationSupportsIndirectInputEvents = YES;
				INFOPLIST_KEY_UILaunchStoryboardName = LaunchScreen;
				INFOPLIST_KEY_UISupportedInterfaceOrientations_iPad = "UIInterfaceOrientationPortrait UIInterfaceOrientationPortraitUpsideDown UIInterfaceOrientationLandscapeLeft UIInterfaceOrientationLandscapeRight";
				INFOPLIST_KEY_UISupportedInterfaceOrientations_iPhone = "UIInterfaceOrientationPortrait UIInterfaceOrientationLandscapeLeft UIInterfaceOrientationLandscapeRight";
				LD_RUNPATH_SEARCH_PATHS = (
					"$(inherited)",
					"@executable_path/Frameworks",
				);
				MARKETING_VERSION = 1.0;
				PRODUCT_BUNDLE_IDENTIFIER = "com.okanorkun.Swift-Netflix";
				PRODUCT_NAME = "$(TARGET_NAME)";
				SWIFT_EMIT_LOC_STRINGS = YES;
				SWIFT_VERSION = 5.0;
				TARGETED_DEVICE_FAMILY = "1,2";
			};
			name = Debug;
		};
		EB72C1AB2A51739E00A4BDD5 /* Release */ = {
			isa = XCBuildConfiguration;
			buildSettings = {
				ASSETCATALOG_COMPILER_APPICON_NAME = AppIcon;
				ASSETCATALOG_COMPILER_GLOBAL_ACCENT_COLOR_NAME = AccentColor;
				CODE_SIGN_STYLE = Automatic;
				CURRENT_PROJECT_VERSION = 1;
				GENERATE_INFOPLIST_FILE = YES;
				INFOPLIST_FILE = "Swift-Netflix/Info.plist";
				INFOPLIST_KEY_UIApplicationSupportsIndirectInputEvents = YES;
				INFOPLIST_KEY_UILaunchStoryboardName = LaunchScreen;
				INFOPLIST_KEY_UISupportedInterfaceOrientations_iPad = "UIInterfaceOrientationPortrait UIInterfaceOrientationPortraitUpsideDown UIInterfaceOrientationLandscapeLeft UIInterfaceOrientationLandscapeRight";
				INFOPLIST_KEY_UISupportedInterfaceOrientations_iPhone = "UIInterfaceOrientationPortrait UIInterfaceOrientationLandscapeLeft UIInterfaceOrientationLandscapeRight";
				LD_RUNPATH_SEARCH_PATHS = (
					"$(inherited)",
					"@executable_path/Frameworks",
				);
				MARKETING_VERSION = 1.0;
				PRODUCT_BUNDLE_IDENTIFIER = "com.okanorkun.Swift-Netflix";
				PRODUCT_NAME = "$(TARGET_NAME)";
				SWIFT_EMIT_LOC_STRINGS = YES;
				SWIFT_VERSION = 5.0;
				TARGETED_DEVICE_FAMILY = "1,2";
			};
			name = Release;
		};
		EB72C1AD2A51739E00A4BDD5 /* Debug */ = {
			isa = XCBuildConfiguration;
			buildSettings = {
				ALWAYS_EMBED_SWIFT_STANDARD_LIBRARIES = YES;
				BUNDLE_LOADER = "$(TEST_HOST)";
				CODE_SIGN_STYLE = Automatic;
				CURRENT_PROJECT_VERSION = 1;
				GENERATE_INFOPLIST_FILE = YES;
				IPHONEOS_DEPLOYMENT_TARGET = 16.4;
				MARKETING_VERSION = 1.0;
				PRODUCT_BUNDLE_IDENTIFIER = "com.okanorkun.Swift-NetflixTests";
				PRODUCT_NAME = "$(TARGET_NAME)";
				SWIFT_EMIT_LOC_STRINGS = NO;
				SWIFT_VERSION = 5.0;
				TARGETED_DEVICE_FAMILY = "1,2";
				TEST_HOST = "$(BUILT_PRODUCTS_DIR)/Swift-Netflix.app/$(BUNDLE_EXECUTABLE_FOLDER_PATH)/Swift-Netflix";
			};
			name = Debug;
		};
		EB72C1AE2A51739E00A4BDD5 /* Release */ = {
			isa = XCBuildConfiguration;
			buildSettings = {
				ALWAYS_EMBED_SWIFT_STANDARD_LIBRARIES = YES;
				BUNDLE_LOADER = "$(TEST_HOST)";
				CODE_SIGN_STYLE = Automatic;
				CURRENT_PROJECT_VERSION = 1;
				GENERATE_INFOPLIST_FILE = YES;
				IPHONEOS_DEPLOYMENT_TARGET = 16.4;
				MARKETING_VERSION = 1.0;
				PRODUCT_BUNDLE_IDENTIFIER = "com.okanorkun.Swift-NetflixTests";
				PRODUCT_NAME = "$(TARGET_NAME)";
				SWIFT_EMIT_LOC_STRINGS = NO;
				SWIFT_VERSION = 5.0;
				TARGETED_DEVICE_FAMILY = "1,2";
				TEST_HOST = "$(BUILT_PRODUCTS_DIR)/Swift-Netflix.app/$(BUNDLE_EXECUTABLE_FOLDER_PATH)/Swift-Netflix";
			};
			name = Release;
		};
		EB72C1B02A51739E00A4BDD5 /* Debug */ = {
			isa = XCBuildConfiguration;
			buildSettings = {
				ALWAYS_EMBED_SWIFT_STANDARD_LIBRARIES = YES;
				CODE_SIGN_STYLE = Automatic;
				CURRENT_PROJECT_VERSION = 1;
				GENERATE_INFOPLIST_FILE = YES;
				MARKETING_VERSION = 1.0;
				PRODUCT_BUNDLE_IDENTIFIER = "com.okanorkun.Swift-NetflixUITests";
				PRODUCT_NAME = "$(TARGET_NAME)";
				SWIFT_EMIT_LOC_STRINGS = NO;
				SWIFT_VERSION = 5.0;
				TARGETED_DEVICE_FAMILY = "1,2";
				TEST_TARGET_NAME = "Swift-Netflix";
			};
			name = Debug;
		};
		EB72C1B12A51739E00A4BDD5 /* Release */ = {
			isa = XCBuildConfiguration;
			buildSettings = {
				ALWAYS_EMBED_SWIFT_STANDARD_LIBRARIES = YES;
				CODE_SIGN_STYLE = Automatic;
				CURRENT_PROJECT_VERSION = 1;
				GENERATE_INFOPLIST_FILE = YES;
				MARKETING_VERSION = 1.0;
				PRODUCT_BUNDLE_IDENTIFIER = "com.okanorkun.Swift-NetflixUITests";
				PRODUCT_NAME = "$(TARGET_NAME)";
				SWIFT_EMIT_LOC_STRINGS = NO;
				SWIFT_VERSION = 5.0;
				TARGETED_DEVICE_FAMILY = "1,2";
				TEST_TARGET_NAME = "Swift-Netflix";
			};
			name = Release;
		};
/* End XCBuildConfiguration section */

/* Begin XCConfigurationList section */
		EB72C17A2A51739E00A4BDD5 /* Build configuration list for PBXProject "Swift-Netflix" */ = {
			isa = XCConfigurationList;
			buildConfigurations = (
				EB72C1A72A51739E00A4BDD5 /* Debug */,
				EB72C1A82A51739E00A4BDD5 /* Release */,
			);
			defaultConfigurationIsVisible = 0;
			defaultConfigurationName = Release;
		};
		EB72C1A92A51739E00A4BDD5 /* Build configuration list for PBXNativeTarget "Swift-Netflix" */ = {
			isa = XCConfigurationList;
			buildConfigurations = (
				EB72C1AA2A51739E00A4BDD5 /* Debug */,
				EB72C1AB2A51739E00A4BDD5 /* Release */,
			);
			defaultConfigurationIsVisible = 0;
			defaultConfigurationName = Release;
		};
		EB72C1AC2A51739E00A4BDD5 /* Build configuration list for PBXNativeTarget "Swift-NetflixTests" */ = {
			isa = XCConfigurationList;
			buildConfigurations = (
				EB72C1AD2A51739E00A4BDD5 /* Debug */,
				EB72C1AE2A51739E00A4BDD5 /* Release */,
			);
			defaultConfigurationIsVisible = 0;
			defaultConfigurationName = Release;
		};
		EB72C1AF2A51739E00A4BDD5 /* Build configuration list for PBXNativeTarget "Swift-NetflixUITests" */ = {
			isa = XCConfigurationList;
			buildConfigurations = (
				EB72C1B02A51739E00A4BDD5 /* Debug */,
				EB72C1B12A51739E00A4BDD5 /* Release */,
			);
			defaultConfigurationIsVisible = 0;
			defaultConfigurationName = Release;
		};
/* End XCConfigurationList section */
	};
	rootObject = EB72C1772A51739E00A4BDD5 /* Project object */;
}
